
Microsoft Visual Studio Solution File, Format Version 12.00
# Visual Studio Version 16
VisualStudioVersion = 16.0.31321.278
MinimumVisualStudioVersion = 10.0.40219.1
Project("{FAE04EC0-301F-11D3-BF4B-00C04F79EFBC}") = "V4Cold", "V4Cold.csproj", "{598F3204-C5A6-46BE-BB56-2AF0CEDD39F4}"
EndProject
Global
	GlobalSection(SolutionConfigurationPlatforms) = preSolution
		Debug|Any CPU = Debug|Any CPU
		Release|Any CPU = Release|Any CPU
	EndGlobalSection
	GlobalSection(ProjectConfigurationPlatforms) = postSolution
		{598F3204-C5A6-46BE-BB56-2AF0CEDD39F4}.Debug|Any CPU.ActiveCfg = Debug|Any CPU
		{598F3204-C5A6-46BE-BB56-2AF0CEDD39F4}.Debug|Any CPU.Build.0 = Debug|Any CPU
		{598F3204-C5A6-46BE-BB56-2AF0CEDD39F4}.Release|Any CPU.ActiveCfg = Release|Any CPU
		{598F3204-C5A6-46BE-BB56-2AF0CEDD39F4}.Release|Any CPU.Build.0 = Release|Any CPU
	EndGlobalSection
	GlobalSection(SolutionProperties) = preSolution
		HideSolutionNode = FALSE
	EndGlobalSection
	GlobalSection(ExtensibilityGlobals) = postSolution
		SolutionGuid = {E75EF29B-8A96-4ACF-9032-431DBDB01E15}
	EndGlobalSection
EndGlobal
